github.com/viodrz/go_hello_world v1.0.0 h1:EB1yCwlD+EBLCAmMZBLjOWsEdOss5I+vHsgEzFGNh/Y=
github.com/viodrz/go_hello_world v1.0.0/go.mod h1:vMciEtBNOT9JwNFhZEXe7Ki6axX+dsint7BmottgbYc=
github.com/viodrz/go_hello_world v1.1.0 h1:o9RG1Epac3eJu/rSkHYmC/oevKmd77I1VbnPT2RLuYQ=
github.com/viodrz/go_hello_world v1.1.0/go.mod h1:vMciEtBNOT9JwNFhZEXe7Ki6axX+dsint7BmottgbYc=
github.com/viodrz/go_hello_world v1.1.1 h1:wa4+n5pR36bBdVW/rzHuuzXtbdVDrbPwogT8veYOcHM=
github.com/viodrz/go_hello_world v1.1.1/go.mod h1:vMciEtBNOT9JwNFhZEXe7Ki6axX+dsint7BmottgbYc=
github.com/viodrz/go_hello_world/v2 v2.0.0 h1:Z8wA5FMIjL0SF1ktWMSyiFNiMVBGBAZzLAgpqP9YymE=
github.com/viodrz/go_hello_world/v2 v2.0.0/go.mod h1:Wh71gl7qMmg4LvRhwCWRpcY/46E5+IhkWnbzpTXq8XI=
